
Microsoft Visual Studio Solution File, Format Version 12.00
# Visual Studio Version 17
VisualStudioVersion = 17.3.32922.545
MinimumVisualStudioVersion = 10.0.40219.1
Project("{FAE04EC0-301F-11D3-BF4B-00C04F79EFBC}") = "CaballoAjedrez", "CaballoAjedrez.csproj", "{3B3B3B2C-81F0-4529-ACA0-AC7162A21A19}"
EndProject
Global
	GlobalSection(SolutionConfigurationPlatforms) = preSolution
		Debug|Any CPU = Debug|Any CPU
		Release|Any CPU = Release|Any CPU
	EndGlobalSection
	GlobalSection(ProjectConfigurationPlatforms) = postSolution
		{3B3B3B2C-81F0-4529-ACA0-AC7162A21A19}.Debug|Any CPU.ActiveCfg = Debug|Any CPU
		{3B3B3B2C-81F0-4529-ACA0-AC7162A21A19}.Debug|Any CPU.Build.0 = Debug|Any CPU
		{3B3B3B2C-81F0-4529-ACA0-AC7162A21A19}.Release|Any CPU.ActiveCfg = Release|Any CPU
		{3B3B3B2C-81F0-4529-ACA0-AC7162A21A19}.Release|Any CPU.Build.0 = Release|Any CPU
	EndGlobalSection
	GlobalSection(SolutionProperties) = preSolution
		HideSolutionNode = FALSE
	EndGlobalSection
	GlobalSection(ExtensibilityGlobals) = postSolution
		SolutionGuid = {7E8EA69B-2EC4-4FE8-8A8B-9DE63F738E60}
	EndGlobalSection
EndGlobal
